
Microsoft Visual Studio Solution File, Format Version 12.00
# Visual Studio Version 16
VisualStudioVersion = 16.0.29920.165
MinimumVisualStudioVersion = 10.0.40219.1
Project("{FAE04EC0-301F-11D3-BF4B-00C04F79EFBC}") = "SimManager", "SimManager.csproj", "{8FECA80A-0433-4CF0-8D25-32A83CC920F0}"
EndProject
Global
	GlobalSection(SolutionConfigurationPlatforms) = preSolution
		Debug|Any CPU = Debug|Any CPU
		Release|Any CPU = Release|Any CPU
	EndGlobalSection
	GlobalSection(ProjectConfigurationPlatforms) = postSolution
		{8FECA80A-0433-4CF0-8D25-32A83CC920F0}.Debug|Any CPU.ActiveCfg = Debug|Any CPU
		{8FECA80A-0433-4CF0-8D25-32A83CC920F0}.Debug|Any CPU.Build.0 = Debug|Any CPU
		{8FECA80A-0433-4CF0-8D25-32A83CC920F0}.Release|Any CPU.ActiveCfg = Release|Any CPU
		{8FECA80A-0433-4CF0-8D25-32A83CC920F0}.Release|Any CPU.Build.0 = Release|Any CPU
	EndGlobalSection
	GlobalSection(SolutionProperties) = preSolution
		HideSolutionNode = FALSE
	EndGlobalSection
	GlobalSection(ExtensibilityGlobals) = postSolution
		SolutionGuid = {9DDA5BCC-C60A-46E3-B97B-5BE26BED893A}
	EndGlobalSection
EndGlobal
